
Microsoft Visual Studio Solution File, Format Version 12.00
# Visual Studio 15
VisualStudioVersion = 15.0.27703.2035
MinimumVisualStudioVersion = 10.0.40219.1
Project("{FAE04EC0-301F-11D3-BF4B-00C04F79EFBC}") = "Server", "Server\Server.csproj", "{F222F38F-0CB5-46D5-B756-CFBF54BB401E}"
EndProject
Project("{FAE04EC0-301F-11D3-BF4B-00C04F79EFBC}") = "Server.Models", "Server.Models\Server.Models.csproj", "{8513B2BB-A7AE-4504-930F-36B3FE2E8136}"
EndProject
Project("{FAE04EC0-301F-11D3-BF4B-00C04F79EFBC}") = "BusinessLogic", "BusinessLogic\BusinessLogic.csproj", "{E5A83C1B-B7F2-436E-A440-850A01B9DBCB}"
EndProject
Project("{FAE04EC0-301F-11D3-BF4B-00C04F79EFBC}") = "Database", "Database\Database.csproj", "{0A80EE26-F6AB-42FB-A562-437BCFE6C32F}"
EndProject
Global
	GlobalSection(SolutionConfigurationPlatforms) = preSolution
		Debug|Any CPU = Debug|Any CPU
		Release|Any CPU = Release|Any CPU
	EndGlobalSection
	GlobalSection(ProjectConfigurationPlatforms) = postSolution
		{F222F38F-0CB5-46D5-B756-CFBF54BB401E}.Debug|Any CPU.ActiveCfg = Debug|Any CPU
		{F222F38F-0CB5-46D5-B756-CFBF54BB401E}.Debug|Any CPU.Build.0 = Debug|Any CPU
		{F222F38F-0CB5-46D5-B756-CFBF54BB401E}.Release|Any CPU.ActiveCfg = Release|Any CPU
		{F222F38F-0CB5-46D5-B756-CFBF54BB401E}.Release|Any CPU.Build.0 = Release|Any CPU
		{8513B2BB-A7AE-4504-930F-36B3FE2E8136}.Debug|Any CPU.ActiveCfg = Debug|Any CPU
		{8513B2BB-A7AE-4504-930F-36B3FE2E8136}.Debug|Any CPU.Build.0 = Debug|Any CPU
		{8513B2BB-A7AE-4504-930F-36B3FE2E8136}.Release|Any CPU.ActiveCfg = Release|Any CPU
		{8513B2BB-A7AE-4504-930F-36B3FE2E8136}.Release|Any CPU.Build.0 = Release|Any CPU
		{E5A83C1B-B7F2-436E-A440-850A01B9DBCB}.Debug|Any CPU.ActiveCfg = Debug|Any CPU
		{E5A83C1B-B7F2-436E-A440-850A01B9DBCB}.Debug|Any CPU.Build.0 = Debug|Any CPU
		{E5A83C1B-B7F2-436E-A440-850A01B9DBCB}.Release|Any CPU.ActiveCfg = Release|Any CPU
		{E5A83C1B-B7F2-436E-A440-850A01B9DBCB}.Release|Any CPU.Build.0 = Release|Any CPU
		{0A80EE26-F6AB-42FB-A562-437BCFE6C32F}.Debug|Any CPU.ActiveCfg = Debug|Any CPU
		{0A80EE26-F6AB-42FB-A562-437BCFE6C32F}.Debug|Any CPU.Build.0 = Debug|Any CPU
		{0A80EE26-F6AB-42FB-A562-437BCFE6C32F}.Release|Any CPU.ActiveCfg = Release|Any CPU
		{0A80EE26-F6AB-42FB-A562-437BCFE6C32F}.Release|Any CPU.Build.0 = Release|Any CPU
	EndGlobalSection
	GlobalSection(SolutionProperties) = preSolution
		HideSolutionNode = FALSE
	EndGlobalSection
	GlobalSection(ExtensibilityGlobals) = postSolution
		SolutionGuid = {868A34C8-0BD6-4668-87E3-12AE5CB502C1}
	EndGlobalSection
EndGlobal
